
Microsoft Visual Studio Solution File, Format Version 12.00
# Visual Studio Version 17
VisualStudioVersion = 17.0.31903.59
MinimumVisualStudioVersion = 10.0.40219.1
Project("{9A19103F-16F7-4668-BE54-9A1E7A4F7556}") = "ShoppingCartModels", "ShoppingCartModels\ShoppingCartModels.csproj", "{DA2E616C-9E49-48EB-9CBD-4E4D2E1E8C69}"
	ProjectSection(ProjectDependencies) = postProject
		{72C028C5-3A72-46B8-BCE7-676ED157183D} = {72C028C5-3A72-46B8-BCE7-676ED157183D}
		{A71D2203-B7F5-45FA-AA11-58DEE4839A75} = {A71D2203-B7F5-45FA-AA11-58DEE4839A75}
	EndProjectSection
EndProject
Project("{9A19103F-16F7-4668-BE54-9A1E7A4F7556}") = "ShoppingCartWebAPI", "ShoppingCartWebAPI\ShoppingCartWebAPI.csproj", "{72C028C5-3A72-46B8-BCE7-676ED157183D}"
EndProject
Project("{9A19103F-16F7-4668-BE54-9A1E7A4F7556}") = "ShoppingCartTest", "ShoppingCartTest\ShoppingCartTest.csproj", "{A71D2203-B7F5-45FA-AA11-58DEE4839A75}"
EndProject
Global
	GlobalSection(SolutionConfigurationPlatforms) = preSolution
		Debug|Any CPU = Debug|Any CPU
		Release|Any CPU = Release|Any CPU
	EndGlobalSection
	GlobalSection(ProjectConfigurationPlatforms) = postSolution
		{DA2E616C-9E49-48EB-9CBD-4E4D2E1E8C69}.Debug|Any CPU.ActiveCfg = Debug|Any CPU
		{DA2E616C-9E49-48EB-9CBD-4E4D2E1E8C69}.Debug|Any CPU.Build.0 = Debug|Any CPU
		{DA2E616C-9E49-48EB-9CBD-4E4D2E1E8C69}.Release|Any CPU.ActiveCfg = Release|Any CPU
		{DA2E616C-9E49-48EB-9CBD-4E4D2E1E8C69}.Release|Any CPU.Build.0 = Release|Any CPU
		{72C028C5-3A72-46B8-BCE7-676ED157183D}.Debug|Any CPU.ActiveCfg = Debug|Any CPU
		{72C028C5-3A72-46B8-BCE7-676ED157183D}.Debug|Any CPU.Build.0 = Debug|Any CPU
		{72C028C5-3A72-46B8-BCE7-676ED157183D}.Release|Any CPU.ActiveCfg = Release|Any CPU
		{72C028C5-3A72-46B8-BCE7-676ED157183D}.Release|Any CPU.Build.0 = Release|Any CPU
		{A71D2203-B7F5-45FA-AA11-58DEE4839A75}.Debug|Any CPU.ActiveCfg = Debug|Any CPU
		{A71D2203-B7F5-45FA-AA11-58DEE4839A75}.Debug|Any CPU.Build.0 = Debug|Any CPU
		{A71D2203-B7F5-45FA-AA11-58DEE4839A75}.Release|Any CPU.ActiveCfg = Release|Any CPU
		{A71D2203-B7F5-45FA-AA11-58DEE4839A75}.Release|Any CPU.Build.0 = Release|Any CPU
	EndGlobalSection
	GlobalSection(SolutionProperties) = preSolution
		HideSolutionNode = FALSE
	EndGlobalSection
EndGlobal
